{
  "name": "jsnote",
  "version": "1.0.0",
  "lockfileVersion": 2,
  "requires": true,
  "packages": {
    "": {
      "name": "jsnote",
      "version": "1.0.0",
      "license": "MIT",
      "dependencies": {
        "@svgdotjs/svg.draggable.js": "^3.0.2",
        "@svgdotjs/svg.js": "^3.0.16",
        "@svgdotjs/svg.panzoom.js": "^2.1.1",
        "ace-builds": "^1.4.12",
        "d3": "^5.16.0",
        "file-saver": "^2.0.2",
        "filereader": "^1.2.0",
        "jsIF97": "^4.0.1",
        "mathjs": "^10.5.0",
        "p5": "^1.4.1",
        "plotly.js-dist": "^1.54.6",
        "sci": "^7.1.0",
        "svg.js": "^2.7.1",
        "swiper": "^8.1.4",
        "three": "^0.139.2"
      }
    },
    "node_modules/@babel/runtime": {
      "version": "7.17.9",
      "resolved": "http://localhost:4873/@babel%2fruntime/-/runtime-7.17.9.tgz",
      "integrity": "sha512-lSiBBvodq29uShpWGNbgFdKYNiFDo5/HIYsaCEY9ff4sb10x9jizo2+pRrSyF4jKZCXqgzuqBOQKbUm90gQwJg==",
      "license": "MIT",
      "dependencies": {
        "regenerator-runtime": "^0.13.4"
      },
      "engines": {
        "node": ">=6.9.0"
      }
    },
    "node_modules/@svgdotjs/svg.draggable.js": {
      "version": "3.0.2",
      "resolved": "https://www.necosystem.com/verdaccio/@svgdotjs%2fsvg.draggable.js/-/svg.draggable.js-3.0.2.tgz",
      "integrity": "sha512-yqCJe/w1q3IK51zRiqB42rsvQHyX5oqg/Eck02TDRhRv+pQ7sSHJfdyljiGkqoFW4i/1sIpnqYmiLDeM12Nhsw==",
      "license": "MIT",
      "dependencies": {
        "@svgdotjs/svg.js": "^3.0.10"
      },
      "engines": {
        "node": ">= 0.8.0"
      }
    },
    "node_modules/@svgdotjs/svg.js": {
      "version": "3.0.16",
      "resolved": "https://www.necosystem.com/verdaccio/@svgdotjs%2fsvg.js/-/svg.js-3.0.16.tgz",
      "integrity": "sha512-yZ4jfP/SeLHEnCi9PIrzienKCrA4vW9+jm5uUV3N5DG2e9zgXLY5FgywK2u8/gMFIeKO0HuqTLFFfWJj+MfMLA==",
      "license": "MIT"
    },
    "node_modules/@svgdotjs/svg.panzoom.js": {
      "version": "2.1.1",
      "resolved": "https://www.necosystem.com/verdaccio/@svgdotjs%2fsvg.panzoom.js/-/svg.panzoom.js-2.1.1.tgz",
      "integrity": "sha512-fsGP+i64jcpaG1UXOmNDUWq2ZLpiMf+EwfHZn5NNnYp5K7J2gk96NcPhzMtgmCUZtu61Ro8Z5D2P3RdzBzpc3g==",
      "license": "MIT",
      "dependencies": {
        "@svgdotjs/svg.js": "^3.0.16"
      }
    },
    "node_modules/ace-builds": {
      "version": "1.4.12",
      "resolved": "https://www.necosystem.com/verdaccio/ace-builds/-/ace-builds-1.4.12.tgz",
      "integrity": "sha512-G+chJctFPiiLGvs3+/Mly3apXTcfgE45dT5yp12BcWZ1kUs+gm0qd3/fv4gsz6fVag4mM0moHVpjHDIgph6Psg==",
      "license": "BSD-3-Clause"
    },
    "node_modules/commander": {
      "version": "2.20.3",
      "resolved": "https://www.necosystem.com/verdaccio/commander/-/commander-2.20.3.tgz",
      "integrity": "sha512-GpVkmM8vF2vQUkj2LvZmD35JxeJOLCwJ9cUkugyk2nuhbv3+mJvpLYYt+0+USMxE+oj+ey/lJEnhZw75x/OMcQ==",
      "license": "MIT"
    },
    "node_modules/complex.js": {
      "version": "2.1.1",
      "resolved": "http://localhost:4873/complex.js/-/complex.js-2.1.1.tgz",
      "integrity": "sha512-8njCHOTtFFLtegk6zQo0kkVX1rngygb/KQI6z1qZxlFI3scluC+LVTCFbrkWjBv4vvLlbQ9t88IPMC6k95VTTg==",
      "license": "MIT",
      "engines": {
        "node": "*"
      },
      "funding": {
        "type": "patreon",
        "url": "https://www.patreon.com/infusion"
      }
    },
    "node_modules/d3": {
      "version": "5.16.0",
      "resolved": "https://www.necosystem.com/verdaccio/d3/-/d3-5.16.0.tgz",
      "integrity": "sha512-4PL5hHaHwX4m7Zr1UapXW23apo6pexCgdetdJ5kTmADpG/7T9Gkxw0M0tf/pjoB63ezCCm0u5UaFYy2aMt0Mcw==",
      "license": "BSD-3-Clause",
      "dependencies": {
        "d3-array": "1",
        "d3-axis": "1",
        "d3-brush": "1",
        "d3-chord": "1",
        "d3-collection": "1",
        "d3-color": "1",
        "d3-contour": "1",
        "d3-dispatch": "1",
        "d3-drag": "1",
        "d3-dsv": "1",
        "d3-ease": "1",
        "d3-fetch": "1",
        "d3-force": "1",
        "d3-format": "1",
        "d3-geo": "1",
        "d3-hierarchy": "1",
        "d3-interpolate": "1",
        "d3-path": "1",
        "d3-polygon": "1",
        "d3-quadtree": "1",
        "d3-random": "1",
        "d3-scale": "2",
        "d3-scale-chromatic": "1",
        "d3-selection": "1",
        "d3-shape": "1",
        "d3-time": "1",
        "d3-time-format": "2",
        "d3-timer": "1",
        "d3-transition": "1",
        "d3-voronoi": "1",
        "d3-zoom": "1"
      }
    },
    "node_modules/d3-array": {
      "version": "1.2.4",
      "resolved": "https://www.necosystem.com/verdaccio/d3-array/-/d3-array-1.2.4.tgz",
      "integrity": "sha512-KHW6M86R+FUPYGb3R5XiYjXPq7VzwxZ22buHhAEVG5ztoEcZZMLov530mmccaqA1GghZArjQV46fuc8kUqhhHw==",
      "license": "BSD-3-Clause"
    },
    "node_modules/d3-axis": {
      "version": "1.0.12",
      "resolved": "https://www.necosystem.com/verdaccio/d3-axis/-/d3-axis-1.0.12.tgz",
      "integrity": "sha512-ejINPfPSNdGFKEOAtnBtdkpr24c4d4jsei6Lg98mxf424ivoDP2956/5HDpIAtmHo85lqT4pruy+zEgvRUBqaQ==",
      "license": "BSD-3-Clause"
    },
    "node_modules/d3-brush": {
      "version": "1.1.5",
      "resolved": "https://www.necosystem.com/verdaccio/d3-brush/-/d3-brush-1.1.5.tgz",
      "integrity": "sha512-rEaJ5gHlgLxXugWjIkolTA0OyMvw8UWU1imYXy1v642XyyswmI1ybKOv05Ft+ewq+TFmdliD3VuK0pRp1VT/5A==",
      "license": "BSD-3-Clause",
      "dependencies": {
        "d3-dispatch": "1",
        "d3-drag": "1",
        "d3-interpolate": "1",
        "d3-selection": "1",
        "d3-transition": "1"
      }
    },
    "node_modules/d3-chord": {
      "version": "1.0.6",
      "resolved": "https://www.necosystem.com/verdaccio/d3-chord/-/d3-chord-1.0.6.tgz",
      "integrity": "sha512-JXA2Dro1Fxw9rJe33Uv+Ckr5IrAa74TlfDEhE/jfLOaXegMQFQTAgAw9WnZL8+HxVBRXaRGCkrNU7pJeylRIuA==",
      "license": "BSD-3-Clause",
      "dependencies": {
        "d3-array": "1",
        "d3-path": "1"
      }
    },
    "node_modules/d3-collection": {
      "version": "1.0.7",
      "resolved": "https://www.necosystem.com/verdaccio/d3-collection/-/d3-collection-1.0.7.tgz",
      "integrity": "sha512-ii0/r5f4sjKNTfh84Di+DpztYwqKhEyUlKoPrzUFfeSkWxjW49xU2QzO9qrPrNkpdI0XJkfzvmTu8V2Zylln6A==",
      "license": "BSD-3-Clause"
    },
    "node_modules/d3-color": {
      "version": "1.4.1",
      "resolved": "https://www.necosystem.com/verdaccio/d3-color/-/d3-color-1.4.1.tgz",
      "integrity": "sha512-p2sTHSLCJI2QKunbGb7ocOh7DgTAn8IrLx21QRc/BSnodXM4sv6aLQlnfpvehFMLZEfBc6g9pH9SWQccFYfJ9Q==",
      "license": "BSD-3-Clause"
    },
    "node_modules/d3-contour": {
      "version": "1.3.2",
      "resolved": "https://www.necosystem.com/verdaccio/d3-contour/-/d3-contour-1.3.2.tgz",
      "integrity": "sha512-hoPp4K/rJCu0ladiH6zmJUEz6+u3lgR+GSm/QdM2BBvDraU39Vr7YdDCicJcxP1z8i9B/2dJLgDC1NcvlF8WCg==",
      "license": "BSD-3-Clause",
      "dependencies": {
        "d3-array": "^1.1.1"
      }
    },
    "node_modules/d3-dispatch": {
      "version": "1.0.6",
      "resolved": "https://www.necosystem.com/verdaccio/d3-dispatch/-/d3-dispatch-1.0.6.tgz",
      "integrity": "sha512-fVjoElzjhCEy+Hbn8KygnmMS7Or0a9sI2UzGwoB7cCtvI1XpVN9GpoYlnb3xt2YV66oXYb1fLJ8GMvP4hdU1RA==",
      "license": "BSD-3-Clause"
    },
    "node_modules/d3-drag": {
      "version": "1.2.5",
      "resolved": "https://www.necosystem.com/verdaccio/d3-drag/-/d3-drag-1.2.5.tgz",
      "integrity": "sha512-rD1ohlkKQwMZYkQlYVCrSFxsWPzI97+W+PaEIBNTMxRuxz9RF0Hi5nJWHGVJ3Om9d2fRTe1yOBINJyy/ahV95w==",
      "license": "BSD-3-Clause",
      "dependencies": {
        "d3-dispatch": "1",
        "d3-selection": "1"
      }
    },
    "node_modules/d3-dsv": {
      "version": "1.2.0",
      "resolved": "https://www.necosystem.com/verdaccio/d3-dsv/-/d3-dsv-1.2.0.tgz",
      "integrity": "sha512-9yVlqvZcSOMhCYzniHE7EVUws7Fa1zgw+/EAV2BxJoG3ME19V6BQFBwI855XQDsxyOuG7NibqRMTtiF/Qup46g==",
      "license": "BSD-3-Clause",
      "dependencies": {
        "commander": "2",
        "iconv-lite": "0.4",
        "rw": "1"
      },
      "bin": {
        "csv2json": "bin/dsv2json",
        "csv2tsv": "bin/dsv2dsv",
        "dsv2dsv": "bin/dsv2dsv",
        "dsv2json": "bin/dsv2json",
        "json2csv": "bin/json2dsv",
        "json2dsv": "bin/json2dsv",
        "json2tsv": "bin/json2dsv",
        "tsv2csv": "bin/dsv2dsv",
        "tsv2json": "bin/dsv2json"
      }
    },
    "node_modules/d3-ease": {
      "version": "1.0.6",
      "resolved": "https://www.necosystem.com/verdaccio/d3-ease/-/d3-ease-1.0.6.tgz",
      "integrity": "sha512-SZ/lVU7LRXafqp7XtIcBdxnWl8yyLpgOmzAk0mWBI9gXNzLDx5ybZgnRbH9dN/yY5tzVBqCQ9avltSnqVwessQ==",
      "license": "BSD-3-Clause"
    },
    "node_modules/d3-fetch": {
      "version": "1.1.2",
      "resolved": "https://www.necosystem.com/verdaccio/d3-fetch/-/d3-fetch-1.1.2.tgz",
      "integrity": "sha512-S2loaQCV/ZeyTyIF2oP8D1K9Z4QizUzW7cWeAOAS4U88qOt3Ucf6GsmgthuYSdyB2HyEm4CeGvkQxWsmInsIVA==",
      "license": "BSD-3-Clause",
      "dependencies": {
        "d3-dsv": "1"
      }
    },
    "node_modules/d3-force": {
      "version": "1.2.1",
      "resolved": "https://www.necosystem.com/verdaccio/d3-force/-/d3-force-1.2.1.tgz",
      "integrity": "sha512-HHvehyaiUlVo5CxBJ0yF/xny4xoaxFxDnBXNvNcfW9adORGZfyNF1dj6DGLKyk4Yh3brP/1h3rnDzdIAwL08zg==",
      "license": "BSD-3-Clause",
      "dependencies": {
        "d3-collection": "1",
        "d3-dispatch": "1",
        "d3-quadtree": "1",
        "d3-timer": "1"
      }
    },
    "node_modules/d3-format": {
      "version": "1.4.4",
      "resolved": "https://www.necosystem.com/verdaccio/d3-format/-/d3-format-1.4.4.tgz",
      "integrity": "sha512-TWks25e7t8/cqctxCmxpUuzZN11QxIA7YrMbram94zMQ0PXjE4LVIMe/f6a4+xxL8HQ3OsAFULOINQi1pE62Aw==",
      "license": "BSD-3-Clause"
    },
    "node_modules/d3-geo": {
      "version": "1.12.0",
      "resolved": "https://www.necosystem.com/verdaccio/d3-geo/-/d3-geo-1.12.0.tgz",
      "integrity": "sha512-NalZVW+6/SpbKcnl+BCO67m8gX+nGeJdo6oGL9H6BRUGUL1e+AtPcP4vE4TwCQ/gl8y5KE7QvBzrLn+HsKIl+w==",
      "license": "BSD-3-Clause",
      "dependencies": {
        "d3-array": "1"
      }
    },
    "node_modules/d3-hierarchy": {
      "version": "1.1.9",
      "resolved": "https://www.necosystem.com/verdaccio/d3-hierarchy/-/d3-hierarchy-1.1.9.tgz",
      "integrity": "sha512-j8tPxlqh1srJHAtxfvOUwKNYJkQuBFdM1+JAUfq6xqH5eAqf93L7oG1NVqDa4CpFZNvnNKtCYEUC8KY9yEn9lQ==",
      "license": "BSD-3-Clause"
    },
    "node_modules/d3-interpolate": {
      "version": "1.4.0",
      "resolved": "https://www.necosystem.com/verdaccio/d3-interpolate/-/d3-interpolate-1.4.0.tgz",
      "integrity": "sha512-V9znK0zc3jOPV4VD2zZn0sDhZU3WAE2bmlxdIwwQPPzPjvyLkd8B3JUVdS1IDUFDkWZ72c9qnv1GK2ZagTZ8EA==",
      "license": "BSD-3-Clause",
      "dependencies": {
        "d3-color": "1"
      }
    },
    "node_modules/d3-path": {
      "version": "1.0.9",
      "resolved": "https://www.necosystem.com/verdaccio/d3-path/-/d3-path-1.0.9.tgz",
      "integrity": "sha512-VLaYcn81dtHVTjEHd8B+pbe9yHWpXKZUC87PzoFmsFrJqgFwDe/qxfp5MlfsfM1V5E/iVt0MmEbWQ7FVIXh/bg==",
      "license": "BSD-3-Clause"
    },
    "node_modules/d3-polygon": {
      "version": "1.0.6",
      "resolved": "https://www.necosystem.com/verdaccio/d3-polygon/-/d3-polygon-1.0.6.tgz",
      "integrity": "sha512-k+RF7WvI08PC8reEoXa/w2nSg5AUMTi+peBD9cmFc+0ixHfbs4QmxxkarVal1IkVkgxVuk9JSHhJURHiyHKAuQ==",
      "license": "BSD-3-Clause"
    },
    "node_modules/d3-quadtree": {
      "version": "1.0.7",
      "resolved": "https://www.necosystem.com/verdaccio/d3-quadtree/-/d3-quadtree-1.0.7.tgz",
      "integrity": "sha512-RKPAeXnkC59IDGD0Wu5mANy0Q2V28L+fNe65pOCXVdVuTJS3WPKaJlFHer32Rbh9gIo9qMuJXio8ra4+YmIymA==",
      "license": "BSD-3-Clause"
    },
    "node_modules/d3-random": {
      "version": "1.1.2",
      "resolved": "https://www.necosystem.com/verdaccio/d3-random/-/d3-random-1.1.2.tgz",
      "integrity": "sha512-6AK5BNpIFqP+cx/sreKzNjWbwZQCSUatxq+pPRmFIQaWuoD+NrbVWw7YWpHiXpCQ/NanKdtGDuB+VQcZDaEmYQ==",
      "license": "BSD-3-Clause"
    },
    "node_modules/d3-scale": {
      "version": "2.2.2",
      "resolved": "https://www.necosystem.com/verdaccio/d3-scale/-/d3-scale-2.2.2.tgz",
      "integrity": "sha512-LbeEvGgIb8UMcAa0EATLNX0lelKWGYDQiPdHj+gLblGVhGLyNbaCn3EvrJf0A3Y/uOOU5aD6MTh5ZFCdEwGiCw==",
      "license": "BSD-3-Clause",
      "dependencies": {
        "d3-array": "^1.2.0",
        "d3-collection": "1",
        "d3-format": "1",
        "d3-interpolate": "1",
        "d3-time": "1",
        "d3-time-format": "2"
      }
    },
    "node_modules/d3-scale-chromatic": {
      "version": "1.5.0",
      "resolved": "https://www.necosystem.com/verdaccio/d3-scale-chromatic/-/d3-scale-chromatic-1.5.0.tgz",
      "integrity": "sha512-ACcL46DYImpRFMBcpk9HhtIyC7bTBR4fNOPxwVSl0LfulDAwyiHyPOTqcDG1+t5d4P9W7t/2NAuWu59aKko/cg==",
      "license": "BSD-3-Clause",
      "dependencies": {
        "d3-color": "1",
        "d3-interpolate": "1"
      }
    },
    "node_modules/d3-selection": {
      "version": "1.4.1",
      "resolved": "https://www.necosystem.com/verdaccio/d3-selection/-/d3-selection-1.4.1.tgz",
      "integrity": "sha512-BTIbRjv/m5rcVTfBs4AMBLKs4x8XaaLkwm28KWu9S2vKNqXkXt2AH2Qf0sdPZHjFxcWg/YL53zcqAz+3g4/7PA==",
      "license": "BSD-3-Clause"
    },
    "node_modules/d3-shape": {
      "version": "1.3.7",
      "resolved": "https://www.necosystem.com/verdaccio/d3-shape/-/d3-shape-1.3.7.tgz",
      "integrity": "sha512-EUkvKjqPFUAZyOlhY5gzCxCeI0Aep04LwIRpsZ/mLFelJiUfnK56jo5JMDSE7yyP2kLSb6LtF+S5chMk7uqPqw==",
      "license": "BSD-3-Clause",
      "dependencies": {
        "d3-path": "1"
      }
    },
    "node_modules/d3-time": {
      "version": "1.1.0",
      "resolved": "https://www.necosystem.com/verdaccio/d3-time/-/d3-time-1.1.0.tgz",
      "integrity": "sha512-Xh0isrZ5rPYYdqhAVk8VLnMEidhz5aP7htAADH6MfzgmmicPkTo8LhkLxci61/lCB7n7UmE3bN0leRt+qvkLxA==",
      "license": "BSD-3-Clause"
    },
    "node_modules/d3-time-format": {
      "version": "2.2.3",
      "resolved": "https://www.necosystem.com/verdaccio/d3-time-format/-/d3-time-format-2.2.3.tgz",
      "integrity": "sha512-RAHNnD8+XvC4Zc4d2A56Uw0yJoM7bsvOlJR33bclxq399Rak/b9bhvu/InjxdWhPtkgU53JJcleJTGkNRnN6IA==",
      "license": "BSD-3-Clause",
      "dependencies": {
        "d3-time": "1"
      }
    },
    "node_modules/d3-timer": {
      "version": "1.0.10",
      "resolved": "https://www.necosystem.com/verdaccio/d3-timer/-/d3-timer-1.0.10.tgz",
      "integrity": "sha512-B1JDm0XDaQC+uvo4DT79H0XmBskgS3l6Ve+1SBCfxgmtIb1AVrPIoqd+nPSv+loMX8szQ0sVUhGngL7D5QPiXw==",
      "license": "BSD-3-Clause"
    },
    "node_modules/d3-transition": {
      "version": "1.3.2",
      "resolved": "https://www.necosystem.com/verdaccio/d3-transition/-/d3-transition-1.3.2.tgz",
      "integrity": "sha512-sc0gRU4PFqZ47lPVHloMn9tlPcv8jxgOQg+0zjhfZXMQuvppjG6YuwdMBE0TuqCZjeJkLecku/l9R0JPcRhaDA==",
      "license": "BSD-3-Clause",
      "dependencies": {
        "d3-color": "1",
        "d3-dispatch": "1",
        "d3-ease": "1",
        "d3-interpolate": "1",
        "d3-selection": "^1.1.0",
        "d3-timer": "1"
      }
    },
    "node_modules/d3-voronoi": {
      "version": "1.1.4",
      "resolved": "https://www.necosystem.com/verdaccio/d3-voronoi/-/d3-voronoi-1.1.4.tgz",
      "integrity": "sha512-dArJ32hchFsrQ8uMiTBLq256MpnZjeuBtdHpaDlYuQyjU0CVzCJl/BVW+SkszaAeH95D/8gxqAhgx0ouAWAfRg==",
      "license": "BSD-3-Clause"
    },
    "node_modules/d3-zoom": {
      "version": "1.8.3",
      "resolved": "https://www.necosystem.com/verdaccio/d3-zoom/-/d3-zoom-1.8.3.tgz",
      "integrity": "sha512-VoLXTK4wvy1a0JpH2Il+F2CiOhVu7VRXWF5M/LroMIh3/zBAC3WAt7QoIvPibOavVo20hN6/37vwAsdBejLyKQ==",
      "license": "BSD-3-Clause",
      "dependencies": {
        "d3-dispatch": "1",
        "d3-drag": "1",
        "d3-interpolate": "1",
        "d3-selection": "1",
        "d3-transition": "1"
      }
    },
    "node_modules/decimal.js": {
      "version": "10.3.1",
      "resolved": "http://localhost:4873/decimal.js/-/decimal.js-10.3.1.tgz",
      "integrity": "sha512-V0pfhfr8suzyPGOx3nmq4aHqabehUZn6Ch9kyFpV79TGDTWFmHqUqXdabR7QHqxzrYolF4+tVmJhUG4OURg5dQ==",
      "license": "MIT"
    },
    "node_modules/dom7": {
      "version": "4.0.4",
      "resolved": "http://localhost:4873/dom7/-/dom7-4.0.4.tgz",
      "integrity": "sha512-DSSgBzQ4rJWQp1u6o+3FVwMNnT5bzQbMb+o31TjYYeRi05uAcpF8koxdfzeoe5ElzPmua7W7N28YJhF7iEKqIw==",
      "license": "MIT",
      "dependencies": {
        "ssr-window": "^4.0.0"
      }
    },
    "node_modules/escape-latex": {
      "version": "1.2.0",
      "resolved": "https://www.necosystem.com/verdaccio/escape-latex/-/escape-latex-1.2.0.tgz",
      "integrity": "sha512-nV5aVWW1K0wEiUIEdZ4erkGGH8mDxGyxSeqPzRNtWP7ataw+/olFObw7hujFWlVjNsaDFw5VZ5NzVSIqRgfTiw==",
      "license": "MIT"
    },
    "node_modules/file-saver": {
      "version": "2.0.2",
      "resolved": "https://www.necosystem.com/verdaccio/file-saver/-/file-saver-2.0.2.tgz",
      "integrity": "sha512-Wz3c3XQ5xroCxd1G8b7yL0Ehkf0TC9oYC6buPFkNnU9EnaPlifeAFCyCh+iewXTyFRcg0a6j3J7FmJsIhlhBdw==",
      "license": "MIT"
    },
    "node_modules/filereader": {
      "version": "1.2.0",
      "resolved": "https://www.necosystem.com/verdaccio/filereader/-/filereader-1.2.0.tgz",
      "integrity": "sha512-ySn2OGtM9xiiho+6NrO4SomIuePQvUKNrsJNKKfv8Lo2eZnAkSDMJJZPcQpQRSoiGCVcfAfrP5nObTDXgpQ/YQ=="
    },
    "node_modules/fraction.js": {
      "version": "4.2.0",
      "resolved": "http://localhost:4873/fraction.js/-/fraction.js-4.2.0.tgz",
      "integrity": "sha512-MhLuK+2gUcnZe8ZHlaaINnQLl0xRIGRfcGk2yl8xoQAfHrSsL3rYu6FCmBdkdbhc9EPlwyGHewaRsvwRMJtAlA==",
      "license": "MIT",
      "engines": {
        "node": "*"
      },
      "funding": {
        "type": "patreon",
        "url": "https://www.patreon.com/infusion"
      }
    },
    "node_modules/iconv-lite": {
      "version": "0.4.24",
      "resolved": "https://www.necosystem.com/verdaccio/iconv-lite/-/iconv-lite-0.4.24.tgz",
      "integrity": "sha512-v3MXnZAcvnywkTUEZomIActle7RXXeedOR31wwl7VlyoXO4Qi9arvSenNQWne1TcRwhCL1HwLI21bEqdpj8/rA==",
      "license": "MIT",
      "dependencies": {
        "safer-buffer": ">= 2.1.2 < 3"
      },
      "engines": {
        "node": ">=0.10.0"
      }
    },
    "node_modules/javascript-natural-sort": {
      "version": "0.7.1",
      "resolved": "https://www.necosystem.com/verdaccio/javascript-natural-sort/-/javascript-natural-sort-0.7.1.tgz",
      "integrity": "sha1-+eIwPUUH9tdDVac2ZNFED7Wg71k=",
      "license": "MIT"
    },
    "node_modules/jsIF97": {
      "version": "4.0.1",
      "resolved": "http://127.0.0.1:4873/jsIF97/-/jsIF97-4.0.1.tgz",
      "integrity": "sha512-4dy4s+j/WiiOVQIp4KKXTvXrYab2Tx2fmYszEjtcbPkDqHNaL2xDgZUaIcXkxrjKyoueKPcq1e/3GMnsLKXZnw==",
      "license": "MIT"
    },
    "node_modules/mathjs": {
      "version": "10.5.0",
      "resolved": "http://localhost:4873/mathjs/-/mathjs-10.5.0.tgz",
      "integrity": "sha512-gRnSY9psN9zgiB2QV9F4XbuX5hwjxY5Ou7qoTFWDbn2vZ3UEs+sjfK/SRg2WP30TNfZWpwlGdp8H1knFJnpFdA==",
      "license": "Apache-2.0",
      "dependencies": {
        "@babel/runtime": "^7.17.9",
        "complex.js": "^2.1.1",
        "decimal.js": "^10.3.1",
        "escape-latex": "^1.2.0",
        "fraction.js": "^4.2.0",
        "javascript-natural-sort": "^0.7.1",
        "seedrandom": "^3.0.5",
        "tiny-emitter": "^2.1.0",
        "typed-function": "^2.1.0"
      },
      "bin": {
        "mathjs": "bin/cli.js"
      },
      "engines": {
        "node": ">= 12"
      }
    },
    "node_modules/p5": {
      "version": "1.4.1",
      "resolved": "http://localhost:4873/p5/-/p5-1.4.1.tgz",
      "integrity": "sha512-3/X+qb0bK2Cg8nuZNpZZvzxkeUSRghOf0S+l8c+U8yIkUTVSbbcV0R8y96rx3InVBVhk8cH9kFC93VlZZElqSw==",
      "license": "LGPL-2.1"
    },
    "node_modules/plotly.js-dist": {
      "version": "1.54.6",
      "resolved": "https://www.necosystem.com/verdaccio/plotly.js-dist/-/plotly.js-dist-1.54.6.tgz",
      "integrity": "sha512-eOqCTUV3WQXVWWtnU5X2kYRGToUDecBgdekqaqHXXEmE5VFgql437rzpq2oaG+6lmHNj+hmbDY+gk8vV3s3w1Q==",
      "license": "MIT"
    },
    "node_modules/regenerator-runtime": {
      "version": "0.13.9",
      "resolved": "http://localhost:4873/regenerator-runtime/-/regenerator-runtime-0.13.9.tgz",
      "integrity": "sha512-p3VT+cOEgxFsRRA9X4lkI1E+k2/CtnKtU4gcxyaCUreilL/vqI6CdZ3wxVUx3UOUg+gnUOQQcRI7BmSI656MYA==",
      "license": "MIT"
    },
    "node_modules/rw": {
      "version": "1.3.3",
      "resolved": "https://www.necosystem.com/verdaccio/rw/-/rw-1.3.3.tgz",
      "integrity": "sha1-P4Yt+pGrdmsUiF700BEkv9oHT7Q=",
      "license": "BSD-3-Clause"
    },
    "node_modules/safer-buffer": {
      "version": "2.1.2",
      "resolved": "https://www.necosystem.com/verdaccio/safer-buffer/-/safer-buffer-2.1.2.tgz",
      "integrity": "sha512-YZo3K82SD7Riyi0E1EQPojLz7kpepnSQI9IyPbHHg1XXXevb5dJI7tpyN2ADxGcQbHG7vcyRHk0cbwqcQriUtg==",
      "license": "MIT"
    },
    "node_modules/sci": {
      "version": "7.1.0",
      "resolved": "http://localhost:4873/sci/-/sci-7.1.0.tgz",
      "integrity": "sha512-aYYLQDSkOaCDp1byyXMgiJvrUj4+QoO/Ly7IWBdQX+TU/X8ivlkgefDZTDWysHDRCHJzqVGuXfTMGlKKgOISXA==",
      "license": "MIT"
    },
    "node_modules/seedrandom": {
      "version": "3.0.5",
      "resolved": "http://localhost:4873/seedrandom/-/seedrandom-3.0.5.tgz",
      "integrity": "sha512-8OwmbklUNzwezjGInmZ+2clQmExQPvomqjL7LFqOYqtmuxRgQYqOD3mHaU+MvZn5FLUeVxVfQjwLZW/n/JFuqg==",
      "license": "MIT"
    },
    "node_modules/ssr-window": {
      "version": "4.0.2",
      "resolved": "http://localhost:4873/ssr-window/-/ssr-window-4.0.2.tgz",
      "integrity": "sha512-ISv/Ch+ig7SOtw7G2+qkwfVASzazUnvlDTwypdLoPoySv+6MqlOV10VwPSE6EWkGjhW50lUmghPmpYZXMu/+AQ==",
      "license": "MIT"
    },
    "node_modules/svg.js": {
      "version": "2.7.1",
      "resolved": "https://www.necosystem.com/verdaccio/svg.js/-/svg.js-2.7.1.tgz",
      "integrity": "sha512-ycbxpizEQktk3FYvn/8BH+6/EuWXg7ZpQREJvgacqn46gIddG24tNNe4Son6omdXCnSOaApnpZw6MPCBA1dODA==",
      "license": "MIT"
    },
    "node_modules/swiper": {
      "version": "8.1.4",
      "resolved": "http://localhost:4873/swiper/-/swiper-8.1.4.tgz",
      "integrity": "sha512-ho6ceKxqbDxV51qymVxwn1oB4CqTrsG3Y5pGW2aKlZxsT6NMdlow8ICUa+wD/m5l2T5ZD2B0yyqTihSSmLBV4A==",
      "funding": [
        {
          "type": "patreon",
          "url": "https://www.patreon.com/swiperjs"
        },
        {
          "type": "open_collective",
          "url": "http://opencollective.com/swiper"
        }
      ],
      "hasInstallScript": true,
      "license": "MIT",
      "dependencies": {
        "dom7": "^4.0.4",
        "ssr-window": "^4.0.2"
      },
      "engines": {
        "node": ">= 4.7.0"
      }
    },
    "node_modules/three": {
      "version": "0.139.2",
      "resolved": "http://localhost:4873/three/-/three-0.139.2.tgz",
      "integrity": "sha512-gV7q7QY8rogu7HLFZR9cWnOQAUedUhu2WXAnpr2kdXZP9YDKsG/0ychwQvWkZN5PlNw9mv5MoCTin6zNTXoONg==",
      "license": "MIT"
    },
    "node_modules/tiny-emitter": {
      "version": "2.1.0",
      "resolved": "https://www.necosystem.com/verdaccio/tiny-emitter/-/tiny-emitter-2.1.0.tgz",
      "integrity": "sha512-NB6Dk1A9xgQPMoGqC5CVXn123gWyte215ONT5Pp5a0yt4nlEoO1ZWeCwpncaekPHXO60i47ihFnZPiRPjRMq4Q==",
      "license": "MIT"
    },
    "node_modules/typed-function": {
      "version": "2.1.0",
      "resolved": "http://localhost:4873/typed-function/-/typed-function-2.1.0.tgz",
      "integrity": "sha512-bctQIOqx2iVbWGDGPWwIm18QScpu2XRmkC19D8rQGFsjKSgteq/o1hTZvIG/wuDq8fanpBDrLkLq+aEN/6y5XQ==",
      "engines": {
        "node": ">= 10"
      }
    }
  },
  "dependencies": {
    "@babel/runtime": {
      "version": "7.17.9",
      "resolved": "http://localhost:4873/@babel%2fruntime/-/runtime-7.17.9.tgz",
      "integrity": "sha512-lSiBBvodq29uShpWGNbgFdKYNiFDo5/HIYsaCEY9ff4sb10x9jizo2+pRrSyF4jKZCXqgzuqBOQKbUm90gQwJg==",
      "requires": {
        "regenerator-runtime": "^0.13.4"
      }
    },
    "@svgdotjs/svg.draggable.js": {
      "version": "3.0.2",
      "resolved": "https://www.necosystem.com/verdaccio/@svgdotjs%2fsvg.draggable.js/-/svg.draggable.js-3.0.2.tgz",
      "integrity": "sha512-yqCJe/w1q3IK51zRiqB42rsvQHyX5oqg/Eck02TDRhRv+pQ7sSHJfdyljiGkqoFW4i/1sIpnqYmiLDeM12Nhsw==",
      "requires": {
        "@svgdotjs/svg.js": "^3.0.10"
      }
    },
    "@svgdotjs/svg.js": {
      "version": "3.0.16",
      "resolved": "https://www.necosystem.com/verdaccio/@svgdotjs%2fsvg.js/-/svg.js-3.0.16.tgz",
      "integrity": "sha512-yZ4jfP/SeLHEnCi9PIrzienKCrA4vW9+jm5uUV3N5DG2e9zgXLY5FgywK2u8/gMFIeKO0HuqTLFFfWJj+MfMLA=="
    },
    "@svgdotjs/svg.panzoom.js": {
      "version": "2.1.1",
      "resolved": "https://www.necosystem.com/verdaccio/@svgdotjs%2fsvg.panzoom.js/-/svg.panzoom.js-2.1.1.tgz",
      "integrity": "sha512-fsGP+i64jcpaG1UXOmNDUWq2ZLpiMf+EwfHZn5NNnYp5K7J2gk96NcPhzMtgmCUZtu61Ro8Z5D2P3RdzBzpc3g==",
      "requires": {
        "@svgdotjs/svg.js": "^3.0.16"
      }
    },
    "ace-builds": {
      "version": "1.4.12",
      "resolved": "https://www.necosystem.com/verdaccio/ace-builds/-/ace-builds-1.4.12.tgz",
      "integrity": "sha512-G+chJctFPiiLGvs3+/Mly3apXTcfgE45dT5yp12BcWZ1kUs+gm0qd3/fv4gsz6fVag4mM0moHVpjHDIgph6Psg=="
    },
    "commander": {
      "version": "2.20.3",
      "resolved": "https://www.necosystem.com/verdaccio/commander/-/commander-2.20.3.tgz",
      "integrity": "sha512-GpVkmM8vF2vQUkj2LvZmD35JxeJOLCwJ9cUkugyk2nuhbv3+mJvpLYYt+0+USMxE+oj+ey/lJEnhZw75x/OMcQ=="
    },
    "complex.js": {
      "version": "2.1.1",
      "resolved": "http://localhost:4873/complex.js/-/complex.js-2.1.1.tgz",
      "integrity": "sha512-8njCHOTtFFLtegk6zQo0kkVX1rngygb/KQI6z1qZxlFI3scluC+LVTCFbrkWjBv4vvLlbQ9t88IPMC6k95VTTg=="
    },
    "d3": {
      "version": "5.16.0",
      "resolved": "https://www.necosystem.com/verdaccio/d3/-/d3-5.16.0.tgz",
      "integrity": "sha512-4PL5hHaHwX4m7Zr1UapXW23apo6pexCgdetdJ5kTmADpG/7T9Gkxw0M0tf/pjoB63ezCCm0u5UaFYy2aMt0Mcw==",
      "requires": {
        "d3-array": "1",
        "d3-axis": "1",
        "d3-brush": "1",
        "d3-chord": "1",
        "d3-collection": "1",
        "d3-color": "1",
        "d3-contour": "1",
        "d3-dispatch": "1",
        "d3-drag": "1",
        "d3-dsv": "1",
        "d3-ease": "1",
        "d3-fetch": "1",
        "d3-force": "1",
        "d3-format": "1",
        "d3-geo": "1",
        "d3-hierarchy": "1",
        "d3-interpolate": "1",
        "d3-path": "1",
        "d3-polygon": "1",
        "d3-quadtree": "1",
        "d3-random": "1",
        "d3-scale": "2",
        "d3-scale-chromatic": "1",
        "d3-selection": "1",
        "d3-shape": "1",
        "d3-time": "1",
        "d3-time-format": "2",
        "d3-timer": "1",
        "d3-transition": "1",
        "d3-voronoi": "1",
        "d3-zoom": "1"
      }
    },
    "d3-array": {
      "version": "1.2.4",
      "resolved": "https://www.necosystem.com/verdaccio/d3-array/-/d3-array-1.2.4.tgz",
      "integrity": "sha512-KHW6M86R+FUPYGb3R5XiYjXPq7VzwxZ22buHhAEVG5ztoEcZZMLov530mmccaqA1GghZArjQV46fuc8kUqhhHw=="
    },
    "d3-axis": {
      "version": "1.0.12",
      "resolved": "https://www.necosystem.com/verdaccio/d3-axis/-/d3-axis-1.0.12.tgz",
      "integrity": "sha512-ejINPfPSNdGFKEOAtnBtdkpr24c4d4jsei6Lg98mxf424ivoDP2956/5HDpIAtmHo85lqT4pruy+zEgvRUBqaQ=="
    },
    "d3-brush": {
      "version": "1.1.5",
      "resolved": "https://www.necosystem.com/verdaccio/d3-brush/-/d3-brush-1.1.5.tgz",
      "integrity": "sha512-rEaJ5gHlgLxXugWjIkolTA0OyMvw8UWU1imYXy1v642XyyswmI1ybKOv05Ft+ewq+TFmdliD3VuK0pRp1VT/5A==",
      "requires": {
        "d3-dispatch": "1",
        "d3-drag": "1",
        "d3-interpolate": "1",
        "d3-selection": "1",
        "d3-transition": "1"
      }
    },
    "d3-chord": {
      "version": "1.0.6",
      "resolved": "https://www.necosystem.com/verdaccio/d3-chord/-/d3-chord-1.0.6.tgz",
      "integrity": "sha512-JXA2Dro1Fxw9rJe33Uv+Ckr5IrAa74TlfDEhE/jfLOaXegMQFQTAgAw9WnZL8+HxVBRXaRGCkrNU7pJeylRIuA==",
      "requires": {
        "d3-array": "1",
        "d3-path": "1"
      }
    },
    "d3-collection": {
      "version": "1.0.7",
      "resolved": "https://www.necosystem.com/verdaccio/d3-collection/-/d3-collection-1.0.7.tgz",
      "integrity": "sha512-ii0/r5f4sjKNTfh84Di+DpztYwqKhEyUlKoPrzUFfeSkWxjW49xU2QzO9qrPrNkpdI0XJkfzvmTu8V2Zylln6A=="
    },
    "d3-color": {
      "version": "1.4.1",
      "resolved": "https://www.necosystem.com/verdaccio/d3-color/-/d3-color-1.4.1.tgz",
      "integrity": "sha512-p2sTHSLCJI2QKunbGb7ocOh7DgTAn8IrLx21QRc/BSnodXM4sv6aLQlnfpvehFMLZEfBc6g9pH9SWQccFYfJ9Q=="
    },
    "d3-contour": {
      "version": "1.3.2",
      "resolved": "https://www.necosystem.com/verdaccio/d3-contour/-/d3-contour-1.3.2.tgz",
      "integrity": "sha512-hoPp4K/rJCu0ladiH6zmJUEz6+u3lgR+GSm/QdM2BBvDraU39Vr7YdDCicJcxP1z8i9B/2dJLgDC1NcvlF8WCg==",
      "requires": {
        "d3-array": "^1.1.1"
      }
    },
    "d3-dispatch": {
      "version": "1.0.6",
      "resolved": "https://www.necosystem.com/verdaccio/d3-dispatch/-/d3-dispatch-1.0.6.tgz",
      "integrity": "sha512-fVjoElzjhCEy+Hbn8KygnmMS7Or0a9sI2UzGwoB7cCtvI1XpVN9GpoYlnb3xt2YV66oXYb1fLJ8GMvP4hdU1RA=="
    },
    "d3-drag": {
      "version": "1.2.5",
      "resolved": "https://www.necosystem.com/verdaccio/d3-drag/-/d3-drag-1.2.5.tgz",
      "integrity": "sha512-rD1ohlkKQwMZYkQlYVCrSFxsWPzI97+W+PaEIBNTMxRuxz9RF0Hi5nJWHGVJ3Om9d2fRTe1yOBINJyy/ahV95w==",
      "requires": {
        "d3-dispatch": "1",
        "d3-selection": "1"
      }
    },
    "d3-dsv": {
      "version": "1.2.0",
      "resolved": "https://www.necosystem.com/verdaccio/d3-dsv/-/d3-dsv-1.2.0.tgz",
      "integrity": "sha512-9yVlqvZcSOMhCYzniHE7EVUws7Fa1zgw+/EAV2BxJoG3ME19V6BQFBwI855XQDsxyOuG7NibqRMTtiF/Qup46g==",
      "requires": {
        "commander": "2",
        "iconv-lite": "0.4",
        "rw": "1"
      }
    },
    "d3-ease": {
      "version": "1.0.6",
      "resolved": "https://www.necosystem.com/verdaccio/d3-ease/-/d3-ease-1.0.6.tgz",
      "integrity": "sha512-SZ/lVU7LRXafqp7XtIcBdxnWl8yyLpgOmzAk0mWBI9gXNzLDx5ybZgnRbH9dN/yY5tzVBqCQ9avltSnqVwessQ=="
    },
    "d3-fetch": {
      "version": "1.1.2",
      "resolved": "https://www.necosystem.com/verdaccio/d3-fetch/-/d3-fetch-1.1.2.tgz",
      "integrity": "sha512-S2loaQCV/ZeyTyIF2oP8D1K9Z4QizUzW7cWeAOAS4U88qOt3Ucf6GsmgthuYSdyB2HyEm4CeGvkQxWsmInsIVA==",
      "requires": {
        "d3-dsv": "1"
      }
    },
    "d3-force": {
      "version": "1.2.1",
      "resolved": "https://www.necosystem.com/verdaccio/d3-force/-/d3-force-1.2.1.tgz",
      "integrity": "sha512-HHvehyaiUlVo5CxBJ0yF/xny4xoaxFxDnBXNvNcfW9adORGZfyNF1dj6DGLKyk4Yh3brP/1h3rnDzdIAwL08zg==",
      "requires": {
        "d3-collection": "1",
        "d3-dispatch": "1",
        "d3-quadtree": "1",
        "d3-timer": "1"
      }
    },
    "d3-format": {
      "version": "1.4.4",
      "resolved": "https://www.necosystem.com/verdaccio/d3-format/-/d3-format-1.4.4.tgz",
      "integrity": "sha512-TWks25e7t8/cqctxCmxpUuzZN11QxIA7YrMbram94zMQ0PXjE4LVIMe/f6a4+xxL8HQ3OsAFULOINQi1pE62Aw=="
    },
    "d3-geo": {
      "version": "1.12.0",
      "resolved": "https://www.necosystem.com/verdaccio/d3-geo/-/d3-geo-1.12.0.tgz",
      "integrity": "sha512-NalZVW+6/SpbKcnl+BCO67m8gX+nGeJdo6oGL9H6BRUGUL1e+AtPcP4vE4TwCQ/gl8y5KE7QvBzrLn+HsKIl+w==",
      "requires": {
        "d3-array": "1"
      }
    },
    "d3-hierarchy": {
      "version": "1.1.9",
      "resolved": "https://www.necosystem.com/verdaccio/d3-hierarchy/-/d3-hierarchy-1.1.9.tgz",
      "integrity": "sha512-j8tPxlqh1srJHAtxfvOUwKNYJkQuBFdM1+JAUfq6xqH5eAqf93L7oG1NVqDa4CpFZNvnNKtCYEUC8KY9yEn9lQ=="
    },
    "d3-interpolate": {
      "version": "1.4.0",
      "resolved": "https://www.necosystem.com/verdaccio/d3-interpolate/-/d3-interpolate-1.4.0.tgz",
      "integrity": "sha512-V9znK0zc3jOPV4VD2zZn0sDhZU3WAE2bmlxdIwwQPPzPjvyLkd8B3JUVdS1IDUFDkWZ72c9qnv1GK2ZagTZ8EA==",
      "requires": {
        "d3-color": "1"
      }
    },
    "d3-path": {
      "version": "1.0.9",
      "resolved": "https://www.necosystem.com/verdaccio/d3-path/-/d3-path-1.0.9.tgz",
      "integrity": "sha512-VLaYcn81dtHVTjEHd8B+pbe9yHWpXKZUC87PzoFmsFrJqgFwDe/qxfp5MlfsfM1V5E/iVt0MmEbWQ7FVIXh/bg=="
    },
    "d3-polygon": {
      "version": "1.0.6",
      "resolved": "https://www.necosystem.com/verdaccio/d3-polygon/-/d3-polygon-1.0.6.tgz",
      "integrity": "sha512-k+RF7WvI08PC8reEoXa/w2nSg5AUMTi+peBD9cmFc+0ixHfbs4QmxxkarVal1IkVkgxVuk9JSHhJURHiyHKAuQ=="
    },
    "d3-quadtree": {
      "version": "1.0.7",
      "resolved": "https://www.necosystem.com/verdaccio/d3-quadtree/-/d3-quadtree-1.0.7.tgz",
      "integrity": "sha512-RKPAeXnkC59IDGD0Wu5mANy0Q2V28L+fNe65pOCXVdVuTJS3WPKaJlFHer32Rbh9gIo9qMuJXio8ra4+YmIymA=="
    },
    "d3-random": {
      "version": "1.1.2",
      "resolved": "https://www.necosystem.com/verdaccio/d3-random/-/d3-random-1.1.2.tgz",
      "integrity": "sha512-6AK5BNpIFqP+cx/sreKzNjWbwZQCSUatxq+pPRmFIQaWuoD+NrbVWw7YWpHiXpCQ/NanKdtGDuB+VQcZDaEmYQ=="
    },
    "d3-scale": {
      "version": "2.2.2",
      "resolved": "https://www.necosystem.com/verdaccio/d3-scale/-/d3-scale-2.2.2.tgz",
      "integrity": "sha512-LbeEvGgIb8UMcAa0EATLNX0lelKWGYDQiPdHj+gLblGVhGLyNbaCn3EvrJf0A3Y/uOOU5aD6MTh5ZFCdEwGiCw==",
      "requires": {
        "d3-array": "^1.2.0",
        "d3-collection": "1",
        "d3-format": "1",
        "d3-interpolate": "1",
        "d3-time": "1",
        "d3-time-format": "2"
      }
    },
    "d3-scale-chromatic": {
      "version": "1.5.0",
      "resolved": "https://www.necosystem.com/verdaccio/d3-scale-chromatic/-/d3-scale-chromatic-1.5.0.tgz",
      "integrity": "sha512-ACcL46DYImpRFMBcpk9HhtIyC7bTBR4fNOPxwVSl0LfulDAwyiHyPOTqcDG1+t5d4P9W7t/2NAuWu59aKko/cg==",
      "requires": {
        "d3-color": "1",
        "d3-interpolate": "1"
      }
    },
    "d3-selection": {
      "version": "1.4.1",
      "resolved": "https://www.necosystem.com/verdaccio/d3-selection/-/d3-selection-1.4.1.tgz",
      "integrity": "sha512-BTIbRjv/m5rcVTfBs4AMBLKs4x8XaaLkwm28KWu9S2vKNqXkXt2AH2Qf0sdPZHjFxcWg/YL53zcqAz+3g4/7PA=="
    },
    "d3-shape": {
      "version": "1.3.7",
      "resolved": "https://www.necosystem.com/verdaccio/d3-shape/-/d3-shape-1.3.7.tgz",
      "integrity": "sha512-EUkvKjqPFUAZyOlhY5gzCxCeI0Aep04LwIRpsZ/mLFelJiUfnK56jo5JMDSE7yyP2kLSb6LtF+S5chMk7uqPqw==",
      "requires": {
        "d3-path": "1"
      }
    },
    "d3-time": {
      "version": "1.1.0",
      "resolved": "https://www.necosystem.com/verdaccio/d3-time/-/d3-time-1.1.0.tgz",
      "integrity": "sha512-Xh0isrZ5rPYYdqhAVk8VLnMEidhz5aP7htAADH6MfzgmmicPkTo8LhkLxci61/lCB7n7UmE3bN0leRt+qvkLxA=="
    },
    "d3-time-format": {
      "version": "2.2.3",
      "resolved": "https://www.necosystem.com/verdaccio/d3-time-format/-/d3-time-format-2.2.3.tgz",
      "integrity": "sha512-RAHNnD8+XvC4Zc4d2A56Uw0yJoM7bsvOlJR33bclxq399Rak/b9bhvu/InjxdWhPtkgU53JJcleJTGkNRnN6IA==",
      "requires": {
        "d3-time": "1"
      }
    },
    "d3-timer": {
      "version": "1.0.10",
      "resolved": "https://www.necosystem.com/verdaccio/d3-timer/-/d3-timer-1.0.10.tgz",
      "integrity": "sha512-B1JDm0XDaQC+uvo4DT79H0XmBskgS3l6Ve+1SBCfxgmtIb1AVrPIoqd+nPSv+loMX8szQ0sVUhGngL7D5QPiXw=="
    },
    "d3-transition": {
      "version": "1.3.2",
      "resolved": "https://www.necosystem.com/verdaccio/d3-transition/-/d3-transition-1.3.2.tgz",
      "integrity": "sha512-sc0gRU4PFqZ47lPVHloMn9tlPcv8jxgOQg+0zjhfZXMQuvppjG6YuwdMBE0TuqCZjeJkLecku/l9R0JPcRhaDA==",
      "requires": {
        "d3-color": "1",
        "d3-dispatch": "1",
        "d3-ease": "1",
        "d3-interpolate": "1",
        "d3-selection": "^1.1.0",
        "d3-timer": "1"
      }
    },
    "d3-voronoi": {
      "version": "1.1.4",
      "resolved": "https://www.necosystem.com/verdaccio/d3-voronoi/-/d3-voronoi-1.1.4.tgz",
      "integrity": "sha512-dArJ32hchFsrQ8uMiTBLq256MpnZjeuBtdHpaDlYuQyjU0CVzCJl/BVW+SkszaAeH95D/8gxqAhgx0ouAWAfRg=="
    },
    "d3-zoom": {
      "version": "1.8.3",
      "resolved": "https://www.necosystem.com/verdaccio/d3-zoom/-/d3-zoom-1.8.3.tgz",
      "integrity": "sha512-VoLXTK4wvy1a0JpH2Il+F2CiOhVu7VRXWF5M/LroMIh3/zBAC3WAt7QoIvPibOavVo20hN6/37vwAsdBejLyKQ==",
      "requires": {
        "d3-dispatch": "1",
        "d3-drag": "1",
        "d3-interpolate": "1",
        "d3-selection": "1",
        "d3-transition": "1"
      }
    },
    "decimal.js": {
      "version": "10.3.1",
      "resolved": "http://localhost:4873/decimal.js/-/decimal.js-10.3.1.tgz",
      "integrity": "sha512-V0pfhfr8suzyPGOx3nmq4aHqabehUZn6Ch9kyFpV79TGDTWFmHqUqXdabR7QHqxzrYolF4+tVmJhUG4OURg5dQ=="
    },
    "dom7": {
      "version": "4.0.4",
      "resolved": "http://localhost:4873/dom7/-/dom7-4.0.4.tgz",
      "integrity": "sha512-DSSgBzQ4rJWQp1u6o+3FVwMNnT5bzQbMb+o31TjYYeRi05uAcpF8koxdfzeoe5ElzPmua7W7N28YJhF7iEKqIw==",
      "requires": {
        "ssr-window": "^4.0.0"
      }
    },
    "escape-latex": {
      "version": "1.2.0",
      "resolved": "https://www.necosystem.com/verdaccio/escape-latex/-/escape-latex-1.2.0.tgz",
      "integrity": "sha512-nV5aVWW1K0wEiUIEdZ4erkGGH8mDxGyxSeqPzRNtWP7ataw+/olFObw7hujFWlVjNsaDFw5VZ5NzVSIqRgfTiw=="
    },
    "file-saver": {
      "version": "2.0.2",
      "resolved": "https://www.necosystem.com/verdaccio/file-saver/-/file-saver-2.0.2.tgz",
      "integrity": "sha512-Wz3c3XQ5xroCxd1G8b7yL0Ehkf0TC9oYC6buPFkNnU9EnaPlifeAFCyCh+iewXTyFRcg0a6j3J7FmJsIhlhBdw=="
    },
    "filereader": {
      "version": "1.2.0",
      "resolved": "https://www.necosystem.com/verdaccio/filereader/-/filereader-1.2.0.tgz",
      "integrity": "sha512-ySn2OGtM9xiiho+6NrO4SomIuePQvUKNrsJNKKfv8Lo2eZnAkSDMJJZPcQpQRSoiGCVcfAfrP5nObTDXgpQ/YQ=="
    },
    "fraction.js": {
      "version": "4.2.0",
      "resolved": "http://localhost:4873/fraction.js/-/fraction.js-4.2.0.tgz",
      "integrity": "sha512-MhLuK+2gUcnZe8ZHlaaINnQLl0xRIGRfcGk2yl8xoQAfHrSsL3rYu6FCmBdkdbhc9EPlwyGHewaRsvwRMJtAlA=="
    },
    "iconv-lite": {
      "version": "0.4.24",
      "resolved": "https://www.necosystem.com/verdaccio/iconv-lite/-/iconv-lite-0.4.24.tgz",
      "integrity": "sha512-v3MXnZAcvnywkTUEZomIActle7RXXeedOR31wwl7VlyoXO4Qi9arvSenNQWne1TcRwhCL1HwLI21bEqdpj8/rA==",
      "requires": {
        "safer-buffer": ">= 2.1.2 < 3"
      }
    },
    "javascript-natural-sort": {
      "version": "0.7.1",
      "resolved": "https://www.necosystem.com/verdaccio/javascript-natural-sort/-/javascript-natural-sort-0.7.1.tgz",
      "integrity": "sha1-+eIwPUUH9tdDVac2ZNFED7Wg71k="
    },
    "jsIF97": {
      "version": "4.0.1",
      "resolved": "http://127.0.0.1:4873/jsIF97/-/jsIF97-4.0.1.tgz",
      "integrity": "sha512-4dy4s+j/WiiOVQIp4KKXTvXrYab2Tx2fmYszEjtcbPkDqHNaL2xDgZUaIcXkxrjKyoueKPcq1e/3GMnsLKXZnw=="
    },
    "mathjs": {
      "version": "10.5.0",
      "resolved": "http://localhost:4873/mathjs/-/mathjs-10.5.0.tgz",
      "integrity": "sha512-gRnSY9psN9zgiB2QV9F4XbuX5hwjxY5Ou7qoTFWDbn2vZ3UEs+sjfK/SRg2WP30TNfZWpwlGdp8H1knFJnpFdA==",
      "requires": {
        "@babel/runtime": "^7.17.9",
        "complex.js": "^2.1.1",
        "decimal.js": "^10.3.1",
        "escape-latex": "^1.2.0",
        "fraction.js": "^4.2.0",
        "javascript-natural-sort": "^0.7.1",
        "seedrandom": "^3.0.5",
        "tiny-emitter": "^2.1.0",
        "typed-function": "^2.1.0"
      }
    },
    "p5": {
      "version": "1.4.1",
      "resolved": "http://localhost:4873/p5/-/p5-1.4.1.tgz",
      "integrity": "sha512-3/X+qb0bK2Cg8nuZNpZZvzxkeUSRghOf0S+l8c+U8yIkUTVSbbcV0R8y96rx3InVBVhk8cH9kFC93VlZZElqSw=="
    },
    "plotly.js-dist": {
      "version": "1.54.6",
      "resolved": "https://www.necosystem.com/verdaccio/plotly.js-dist/-/plotly.js-dist-1.54.6.tgz",
      "integrity": "sha512-eOqCTUV3WQXVWWtnU5X2kYRGToUDecBgdekqaqHXXEmE5VFgql437rzpq2oaG+6lmHNj+hmbDY+gk8vV3s3w1Q=="
    },
    "regenerator-runtime": {
      "version": "0.13.9",
      "resolved": "http://localhost:4873/regenerator-runtime/-/regenerator-runtime-0.13.9.tgz",
      "integrity": "sha512-p3VT+cOEgxFsRRA9X4lkI1E+k2/CtnKtU4gcxyaCUreilL/vqI6CdZ3wxVUx3UOUg+gnUOQQcRI7BmSI656MYA=="
    },
    "rw": {
      "version": "1.3.3",
      "resolved": "https://www.necosystem.com/verdaccio/rw/-/rw-1.3.3.tgz",
      "integrity": "sha1-P4Yt+pGrdmsUiF700BEkv9oHT7Q="
    },
    "safer-buffer": {
      "version": "2.1.2",
      "resolved": "https://www.necosystem.com/verdaccio/safer-buffer/-/safer-buffer-2.1.2.tgz",
      "integrity": "sha512-YZo3K82SD7Riyi0E1EQPojLz7kpepnSQI9IyPbHHg1XXXevb5dJI7tpyN2ADxGcQbHG7vcyRHk0cbwqcQriUtg=="
    },
    "sci": {
      "version": "7.1.0",
      "resolved": "http://localhost:4873/sci/-/sci-7.1.0.tgz",
      "integrity": "sha512-aYYLQDSkOaCDp1byyXMgiJvrUj4+QoO/Ly7IWBdQX+TU/X8ivlkgefDZTDWysHDRCHJzqVGuXfTMGlKKgOISXA=="
    },
    "seedrandom": {
      "version": "3.0.5",
      "resolved": "http://localhost:4873/seedrandom/-/seedrandom-3.0.5.tgz",
      "integrity": "sha512-8OwmbklUNzwezjGInmZ+2clQmExQPvomqjL7LFqOYqtmuxRgQYqOD3mHaU+MvZn5FLUeVxVfQjwLZW/n/JFuqg=="
    },
    "ssr-window": {
      "version": "4.0.2",
      "resolved": "http://localhost:4873/ssr-window/-/ssr-window-4.0.2.tgz",
      "integrity": "sha512-ISv/Ch+ig7SOtw7G2+qkwfVASzazUnvlDTwypdLoPoySv+6MqlOV10VwPSE6EWkGjhW50lUmghPmpYZXMu/+AQ=="
    },
    "svg.js": {
      "version": "2.7.1",
      "resolved": "https://www.necosystem.com/verdaccio/svg.js/-/svg.js-2.7.1.tgz",
      "integrity": "sha512-ycbxpizEQktk3FYvn/8BH+6/EuWXg7ZpQREJvgacqn46gIddG24tNNe4Son6omdXCnSOaApnpZw6MPCBA1dODA=="
    },
    "swiper": {
      "version": "8.1.4",
      "resolved": "http://localhost:4873/swiper/-/swiper-8.1.4.tgz",
      "integrity": "sha512-ho6ceKxqbDxV51qymVxwn1oB4CqTrsG3Y5pGW2aKlZxsT6NMdlow8ICUa+wD/m5l2T5ZD2B0yyqTihSSmLBV4A==",
      "requires": {
        "dom7": "^4.0.4",
        "ssr-window": "^4.0.2"
      }
    },
    "three": {
      "version": "0.139.2",
      "resolved": "http://localhost:4873/three/-/three-0.139.2.tgz",
      "integrity": "sha512-gV7q7QY8rogu7HLFZR9cWnOQAUedUhu2WXAnpr2kdXZP9YDKsG/0ychwQvWkZN5PlNw9mv5MoCTin6zNTXoONg=="
    },
    "tiny-emitter": {
      "version": "2.1.0",
      "resolved": "https://www.necosystem.com/verdaccio/tiny-emitter/-/tiny-emitter-2.1.0.tgz",
      "integrity": "sha512-NB6Dk1A9xgQPMoGqC5CVXn123gWyte215ONT5Pp5a0yt4nlEoO1ZWeCwpncaekPHXO60i47ihFnZPiRPjRMq4Q=="
    },
    "typed-function": {
      "version": "2.1.0",
      "resolved": "http://localhost:4873/typed-function/-/typed-function-2.1.0.tgz",
      "integrity": "sha512-bctQIOqx2iVbWGDGPWwIm18QScpu2XRmkC19D8rQGFsjKSgteq/o1hTZvIG/wuDq8fanpBDrLkLq+aEN/6y5XQ=="
    }
  }
}
