{
  "name": "jsnote",
  "version": "1.0.0",
  "lockfileVersion": 1,
  "requires": true,
  "dependencies": {
    "jsIF97": {
      "version": "2.2.0",
      "resolved": "http://192.168.56.99:4873/jsIF97/-/jsIF97-2.2.0.tgz",
      "integrity": "sha512-/rCThByyhJp6zl1FP7dH6a+Jaw54gCkh3EJ5CIso+69TF+e1zEQYH5UA/B4TTSLh7qhtEsaSkJgz3mN3ao4fVQ=="
    }
  }
}
