{
  "name": "jsnote",
  "version": "1.0.0",
  "lockfileVersion": 1,
  "requires": true,
  "dependencies": {
    "jsIF97": {
      "version": "2.1.0",
      "resolved": "http://192.168.56.99:4873/jsIF97/-/jsIF97-2.1.0.tgz",
      "integrity": "sha512-zWU7xDdSn1b1y+d7NVYuu1b+NfIyRI7KI6S37De/AFurrznz0Vmgr2daObpH/ahvLn3vvgSDa39VrE1IXfYQKA=="
    }
  }
}
