{
  "name": "jsnote",
  "version": "1.0.0",
  "lockfileVersion": 1,
  "requires": true,
  "dependencies": {
    "jsIF97": {
      "version": "2.0.0",
      "resolved": "http://192.168.56.99:4873/jsIF97/-/jsIF97-2.0.0.tgz",
      "integrity": "sha512-7jbNnMC5+FJ7WSQeD4XjGO8BrMPQzqnuZ42+5qb7ju2x0zwa0jDZZJPDiVUh3zuD//q3uHVY4xjy0aC3W9wVYA=="
    }
  }
}
