{
  "name": "jsnote",
  "version": "1.0.0",
  "lockfileVersion": 1,
  "requires": true,
  "dependencies": {
    "jsIF97": {
      "version": "2.0.2",
      "resolved": "http://192.168.56.99:4873/jsIF97/-/jsIF97-2.0.2.tgz",
      "integrity": "sha512-ZMxZnsgiRhUi1IXH0s/9cDkfPc5IXKkRscjKiaIUZkEgNw+IDVj3Dcm0FSR+5a9u4QbFSZ3DT4d1d7XhO6VGIg=="
    }
  }
}
