{
  "name": "jsnote",
  "version": "1.0.0",
  "lockfileVersion": 1,
  "requires": true,
  "dependencies": {
    "jsIF97": {
      "version": "2.2.2",
      "resolved": "http://192.168.56.99:4873/jsIF97/-/jsIF97-2.2.2.tgz",
      "integrity": "sha512-uKwEagqa5TK7KneeuPjOOxiC7gQFRbMxpCkRJVBahsMmJSFkalnru5TprxR89ZB8zr9ofWXDx80W7MDZbS48JA=="
    }
  }
}
